{
  "name": "ipp5-types",
  "version": "0.0.0",
  "lockfileVersion": 3,
  "requires": true,
  "packages": {
    "": {
      "name": "ipp5-types",
      "version": "0.0.0",
      "license": "MIT",
      "devDependencies": {
        "@types/node": "^18.14.3"
      },
      "engines": {
        "node": ">=18.14.0",
        "npm": ">=9.3.1"
      }
    },
    "node_modules/@types/node": {
      "version": "18.14.3",
      "resolved": "https://registry.npmjs.org/@types/node/-/node-18.14.3.tgz",
      "integrity": "sha512-1y36CC5iL5CMyKALzwX9cwwxcWIxvIBe3gzs4GrXWXEQ8klQnCZ2U/WDGiNrXHmQcUhnaun17XG9TEIDlGj2RA==",
      "dev": true
    }
  }
}
